// !$*UTF8*$!
{
	archiveVersion = 1;
	classes = {
	};
	objectVersion = 54;
	objects = {

/* Begin PBXBuildFile section */
		40EC6636458210ABC4AF3334 /* Pods_SnapFish.framework in Frameworks */ = {isa = PBXBuildFile; fileRef = CB52E004F9B0AD16CD6FE8B7 /* Pods_SnapFish.framework */; };
		69CB610D25F19B020037F001 /* LoginViewController.swift in Sources */ = {isa = PBXBuildFile; fileRef = 69CB610C25F19B020037F001 /* LoginViewController.swift */; };
		F16B6CDF1E489C5A00201811 /* AppDelegate.swift in Sources */ = {isa = PBXBuildFile; fileRef = F16B6CDE1E489C5A00201811 /* AppDelegate.swift */; };
		F16B6CE11E489C5A00201811 /* SignInViewController.swift in Sources */ = {isa = PBXBuildFile; fileRef = F16B6CE01E489C5A00201811 /* SignInViewController.swift */; };
		F16B6CE41E489C5A00201811 /* Main.storyboard in Resources */ = {isa = PBXBuildFile; fileRef = F16B6CE21E489C5A00201811 /* Main.storyboard */; };
		F16B6CE61E489C5A00201811 /* Assets.xcassets in Resources */ = {isa = PBXBuildFile; fileRef = F16B6CE51E489C5A00201811 /* Assets.xcassets */; };
		F16B6CE91E489C5A00201811 /* LaunchScreen.storyboard in Resources */ = {isa = PBXBuildFile; fileRef = F16B6CE71E489C5A00201811 /* LaunchScreen.storyboard */; };
		F16B6CF11E489E3D00201811 /* GoogleService-Info.plist in Resources */ = {isa = PBXBuildFile; fileRef = F16B6CF01E489E3D00201811 /* GoogleService-Info.plist */; };
		F16B6CF31E492C1300201811 /* SnapsViewController.swift in Sources */ = {isa = PBXBuildFile; fileRef = F16B6CF21E492C1300201811 /* SnapsViewController.swift */; };
		F16B6CF51E492EED00201811 /* PictureViewController.swift in Sources */ = {isa = PBXBuildFile; fileRef = F16B6CF41E492EED00201811 /* PictureViewController.swift */; };
		F16B6CF71E494DDB00201811 /* SelectUserViewController.swift in Sources */ = {isa = PBXBuildFile; fileRef = F16B6CF61E494DDB00201811 /* SelectUserViewController.swift */; };
		F16B6CF91E495D4D00201811 /* User.swift in Sources */ = {isa = PBXBuildFile; fileRef = F16B6CF81E495D4D00201811 /* User.swift */; };
		F16B6CFD1E4977E100201811 /* Snap.swift in Sources */ = {isa = PBXBuildFile; fileRef = F16B6CFC1E4977E100201811 /* Snap.swift */; };
		F16B6CFF1E4987FD00201811 /* ViewSnapViewController.swift in Sources */ = {isa = PBXBuildFile; fileRef = F16B6CFE1E4987FD00201811 /* ViewSnapViewController.swift */; };
/* End PBXBuildFile section */

/* Begin PBXFileReference section */
		69CB610C25F19B020037F001 /* LoginViewController.swift */ = {isa = PBXFileReference; lastKnownFileType = sourcecode.swift; path = LoginViewController.swift; sourceTree = "<group>"; };
		B751D1791472CD83375338E0 /* Pods-SnapFish.debug.xcconfig */ = {isa = PBXFileReference; includeInIndex = 1; lastKnownFileType = text.xcconfig; name = "Pods-SnapFish.debug.xcconfig"; path = "Pods/Target Support Files/Pods-SnapFish/Pods-SnapFish.debug.xcconfig"; sourceTree = "<group>"; };
		CB52E004F9B0AD16CD6FE8B7 /* Pods_SnapFish.framework */ = {isa = PBXFileReference; explicitFileType = wrapper.framework; includeInIndex = 0; path = Pods_SnapFish.framework; sourceTree = BUILT_PRODUCTS_DIR; };
		F16B6CDB1E489C5A00201811 /* SnapFish.app */ = {isa = PBXFileReference; explicitFileType = wrapper.application; includeInIndex = 0; path = SnapFish.app; sourceTree = BUILT_PRODUCTS_DIR; };
		F16B6CDE1E489C5A00201811 /* AppDelegate.swift */ = {isa = PBXFileReference; lastKnownFileType = sourcecode.swift; path = AppDelegate.swift; sourceTree = "<group>"; };
		F16B6CE01E489C5A00201811 /* SignInViewController.swift */ = {isa = PBXFileReference; lastKnownFileType = sourcecode.swift; path = SignInViewController.swift; sourceTree = "<group>"; };
		F16B6CE31E489C5A00201811 /* Base */ = {isa = PBXFileReference; lastKnownFileType = file.storyboard; name = Base; path = Base.lproj/Main.storyboard; sourceTree = "<group>"; };
		F16B6CE51E489C5A00201811 /* Assets.xcassets */ = {isa = PBXFileReference; lastKnownFileType = folder.assetcatalog; path = Assets.xcassets; sourceTree = "<group>"; };
		F16B6CE81E489C5A00201811 /* Base */ = {isa = PBXFileReference; lastKnownFileType = file.storyboard; name = Base; path = Base.lproj/LaunchScreen.storyboard; sourceTree = "<group>"; };
		F16B6CEA1E489C5A00201811 /* Info.plist */ = {isa = PBXFileReference; lastKnownFileType = text.plist.xml; path = Info.plist; sourceTree = "<group>"; };
		F16B6CF01E489E3D00201811 /* GoogleService-Info.plist */ = {isa = PBXFileReference; fileEncoding = 4; lastKnownFileType = text.plist.xml; path = "GoogleService-Info.plist"; sourceTree = "<group>"; };
		F16B6CF21E492C1300201811 /* SnapsViewController.swift */ = {isa = PBXFileReference; fileEncoding = 4; lastKnownFileType = sourcecode.swift; path = SnapsViewController.swift; sourceTree = "<group>"; };
		F16B6CF41E492EED00201811 /* PictureViewController.swift */ = {isa = PBXFileReference; fileEncoding = 4; lastKnownFileType = sourcecode.swift; path = PictureViewController.swift; sourceTree = "<group>"; };
		F16B6CF61E494DDB00201811 /* SelectUserViewController.swift */ = {isa = PBXFileReference; fileEncoding = 4; lastKnownFileType = sourcecode.swift; path = SelectUserViewController.swift; sourceTree = "<group>"; };
		F16B6CF81E495D4D00201811 /* User.swift */ = {isa = PBXFileReference; fileEncoding = 4; lastKnownFileType = sourcecode.swift; path = User.swift; sourceTree = "<group>"; };
		F16B6CFC1E4977E100201811 /* Snap.swift */ = {isa = PBXFileReference; fileEncoding = 4; lastKnownFileType = sourcecode.swift; path = Snap.swift; sourceTree = "<group>"; };
		F16B6CFE1E4987FD00201811 /* ViewSnapViewController.swift */ = {isa = PBXFileReference; fileEncoding = 4; lastKnownFileType = sourcecode.swift; path = ViewSnapViewController.swift; sourceTree = "<group>"; };
		FA3CE4AC908CE684B6D4BEB9 /* Pods-SnapFish.release.xcconfig */ = {isa = PBXFileReference; includeInIndex = 1; lastKnownFileType = text.xcconfig; name = "Pods-SnapFish.release.xcconfig"; path = "Pods/Target Support Files/Pods-SnapFish/Pods-SnapFish.release.xcconfig"; sourceTree = "<group>"; };
/* End PBXFileReference section */

/* Begin PBXFrameworksBuildPhase section */
		F16B6CD81E489C5A00201811 /* Frameworks */ = {
			isa = PBXFrameworksBuildPhase;
			buildActionMask = 2147483647;
			files = (
				40EC6636458210ABC4AF3334 /* Pods_SnapFish.framework in Frameworks */,
			);
			runOnlyForDeploymentPostprocessing = 0;
		};
/* End PBXFrameworksBuildPhase section */

/* Begin PBXGroup section */
		36EBF3828EA62DCB22C5D746 /* Frameworks */ = {
			isa = PBXGroup;
			children = (
				CB52E004F9B0AD16CD6FE8B7 /* Pods_SnapFish.framework */,
			);
			name = Frameworks;
			sourceTree = "<group>";
		};
		F16B6CD21E489C5A00201811 = {
			isa = PBXGroup;
			children = (
				F16B6CDD1E489C5A00201811 /* SnapFish */,
				F16B6CDC1E489C5A00201811 /* Products */,
				F459CF68CA028E2E1A74F35E /* Pods */,
				36EBF3828EA62DCB22C5D746 /* Frameworks */,
			);
			sourceTree = "<group>";
		};
		F16B6CDC1E489C5A00201811 /* Products */ = {
			isa = PBXGroup;
			children = (
				F16B6CDB1E489C5A00201811 /* SnapFish.app */,
			);
			name = Products;
			sourceTree = "<group>";
		};
		F16B6CDD1E489C5A00201811 /* SnapFish */ = {
			isa = PBXGroup;
			children = (
				F16B6CFA1E495D7400201811 /* ViewControllers */,
				F16B6CFB1E495DB600201811 /* Models */,
				F16B6CDE1E489C5A00201811 /* AppDelegate.swift */,
				F16B6CE21E489C5A00201811 /* Main.storyboard */,
				F16B6CE51E489C5A00201811 /* Assets.xcassets */,
				F16B6CE71E489C5A00201811 /* LaunchScreen.storyboard */,
				F16B6CEA1E489C5A00201811 /* Info.plist */,
				F16B6CF01E489E3D00201811 /* GoogleService-Info.plist */,
			);
			path = SnapFish;
			sourceTree = "<group>";
		};
		F16B6CFA1E495D7400201811 /* ViewControllers */ = {
			isa = PBXGroup;
			children = (
				F16B6CE01E489C5A00201811 /* SignInViewController.swift */,
				F16B6CF41E492EED00201811 /* PictureViewController.swift */,
				F16B6CF21E492C1300201811 /* SnapsViewController.swift */,
				F16B6CF61E494DDB00201811 /* SelectUserViewController.swift */,
				69CB610C25F19B020037F001 /* LoginViewController.swift */,
				F16B6CFE1E4987FD00201811 /* ViewSnapViewController.swift */,
			);
			name = ViewControllers;
			sourceTree = "<group>";
		};
		F16B6CFB1E495DB600201811 /* Models */ = {
			isa = PBXGroup;
			children = (
				F16B6CFC1E4977E100201811 /* Snap.swift */,
				F16B6CF81E495D4D00201811 /* User.swift */,
			);
			name = Models;
			sourceTree = "<group>";
		};
		F459CF68CA028E2E1A74F35E /* Pods */ = {
			isa = PBXGroup;
			children = (
				B751D1791472CD83375338E0 /* Pods-SnapFish.debug.xcconfig */,
				FA3CE4AC908CE684B6D4BEB9 /* Pods-SnapFish.release.xcconfig */,
			);
			name = Pods;
			sourceTree = "<group>";
		};
/* End PBXGroup section */

/* Begin PBXNativeTarget section */
		F16B6CDA1E489C5A00201811 /* SnapFish */ = {
			isa = PBXNativeTarget;
			buildConfigurationList = F16B6CED1E489C5A00201811 /* Build configuration list for PBXNativeTarget "SnapFish" */;
			buildPhases = (
				46D62F63AFE36E1085A3D1E0 /* [CP] Check Pods Manifest.lock */,
				F16B6CD71E489C5A00201811 /* Sources */,
				F16B6CD81E489C5A00201811 /* Frameworks */,
				F16B6CD91E489C5A00201811 /* Resources */,
				FBAAE3BCA8B724AA3697208A /* [CP] Embed Pods Frameworks */,
			);
			buildRules = (
			);
			dependencies = (
			);
			name = SnapFish;
			productName = SnapFish;
			productReference = F16B6CDB1E489C5A00201811 /* SnapFish.app */;
			productType = "com.apple.product-type.application";
		};
/* End PBXNativeTarget section */

/* Begin PBXProject section */
		F16B6CD31E489C5A00201811 /* Project object */ = {
			isa = PBXProject;
			attributes = {
				LastSwiftUpdateCheck = 0820;
				LastUpgradeCheck = 1230;
				ORGANIZATIONNAME = Jay;
				TargetAttributes = {
					F16B6CDA1E489C5A00201811 = {
						CreatedOnToolsVersion = 8.2.1;
						ProvisioningStyle = Automatic;
					};
				};
			};
			buildConfigurationList = F16B6CD61E489C5A00201811 /* Build configuration list for PBXProject "SnapFish" */;
			compatibilityVersion = "Xcode 12.0";
			developmentRegion = en;
			hasScannedForEncodings = 0;
			knownRegions = (
				en,
				Base,
			);
			mainGroup = F16B6CD21E489C5A00201811;
			productRefGroup = F16B6CDC1E489C5A00201811 /* Products */;
			projectDirPath = "";
			projectRoot = "";
			targets = (
				F16B6CDA1E489C5A00201811 /* SnapFish */,
			);
		};
/* End PBXProject section */

/* Begin PBXResourcesBuildPhase section */
		F16B6CD91E489C5A00201811 /* Resources */ = {
			isa = PBXResourcesBuildPhase;
			buildActionMask = 2147483647;
			files = (
				F16B6CE91E489C5A00201811 /* LaunchScreen.storyboard in Resources */,
				F16B6CE61E489C5A00201811 /* Assets.xcassets in Resources */,
				F16B6CF11E489E3D00201811 /* GoogleService-Info.plist in Resources */,
				F16B6CE41E489C5A00201811 /* Main.storyboard in Resources */,
			);
			runOnlyForDeploymentPostprocessing = 0;
		};
/* End PBXResourcesBuildPhase section */

/* Begin PBXShellScriptBuildPhase section */
		46D62F63AFE36E1085A3D1E0 /* [CP] Check Pods Manifest.lock */ = {
			isa = PBXShellScriptBuildPhase;
			buildActionMask = 2147483647;
			files = (
			);
			inputPaths = (
				"${PODS_PODFILE_DIR_PATH}/Podfile.lock",
				"${PODS_ROOT}/Manifest.lock",
			);
			name = "[CP] Check Pods Manifest.lock";
			outputPaths = (
				"$(DERIVED_FILE_DIR)/Pods-SnapFish-checkManifestLockResult.txt",
			);
			runOnlyForDeploymentPostprocessing = 0;
			shellPath = /bin/sh;
			shellScript = "diff \"${PODS_PODFILE_DIR_PATH}/Podfile.lock\" \"${PODS_ROOT}/Manifest.lock\" > /dev/null\nif [ $? != 0 ] ; then\n    # print error to STDERR\n    echo \"error: The sandbox is not in sync with the Podfile.lock. Run 'pod install' or update your CocoaPods installation.\" >&2\n    exit 1\nfi\n# This output is used by Xcode 'outputs' to avoid re-running this script phase.\necho \"SUCCESS\" > \"${SCRIPT_OUTPUT_FILE_0}\"\n";
			showEnvVarsInLog = 0;
		};
		FBAAE3BCA8B724AA3697208A /* [CP] Embed Pods Frameworks */ = {
			isa = PBXShellScriptBuildPhase;
			buildActionMask = 2147483647;
			files = (
			);
			inputFileListPaths = (
				"${PODS_ROOT}/Target Support Files/Pods-SnapFish/Pods-SnapFish-frameworks-${CONFIGURATION}-input-files.xcfilelist",
			);
			name = "[CP] Embed Pods Frameworks";
			outputFileListPaths = (
				"${PODS_ROOT}/Target Support Files/Pods-SnapFish/Pods-SnapFish-frameworks-${CONFIGURATION}-output-files.xcfilelist",
			);
			runOnlyForDeploymentPostprocessing = 0;
			shellPath = /bin/sh;
			shellScript = "\"${PODS_ROOT}/Target Support Files/Pods-SnapFish/Pods-SnapFish-frameworks.sh\"\n";
			showEnvVarsInLog = 0;
		};
/* End PBXShellScriptBuildPhase section */

/* Begin PBXSourcesBuildPhase section */
		F16B6CD71E489C5A00201811 /* Sources */ = {
			isa = PBXSourcesBuildPhase;
			buildActionMask = 2147483647;
			files = (
				69CB610D25F19B020037F001 /* LoginViewController.swift in Sources */,
				F16B6CE11E489C5A00201811 /* SignInViewController.swift in Sources */,
				F16B6CF51E492EED00201811 /* PictureViewController.swift in Sources */,
				F16B6CF91E495D4D00201811 /* User.swift in Sources */,
				F16B6CFF1E4987FD00201811 /* ViewSnapViewController.swift in Sources */,
				F16B6CF71E494DDB00201811 /* SelectUserViewController.swift in Sources */,
				F16B6CFD1E4977E100201811 /* Snap.swift in Sources */,
				F16B6CDF1E489C5A00201811 /* AppDelegate.swift in Sources */,
				F16B6CF31E492C1300201811 /* SnapsViewController.swift in Sources */,
			);
			runOnlyForDeploymentPostprocessing = 0;
		};
/* End PBXSourcesBuildPhase section */

/* Begin PBXVariantGroup section */
		F16B6CE21E489C5A00201811 /* Main.storyboard */ = {
			isa = PBXVariantGroup;
			children = (
				F16B6CE31E489C5A00201811 /* Base */,
			);
			name = Main.storyboard;
			sourceTree = "<group>";
		};
		F16B6CE71E489C5A00201811 /* LaunchScreen.storyboard */ = {
			isa = PBXVariantGroup;
			children = (
				F16B6CE81E489C5A00201811 /* Base */,
			);
			name = LaunchScreen.storyboard;
			sourceTree = "<group>";
		};
/* End PBXVariantGroup section */

/* Begin XCBuildConfiguration section */
		F16B6CEB1E489C5A00201811 /* Debug */ = {
			isa = XCBuildConfiguration;
			buildSettings = {
				ALWAYS_SEARCH_USER_PATHS = NO;
				CLANG_ANALYZER_LOCALIZABILITY_NONLOCALIZED = YES;
				CLANG_ANALYZER_NONNULL = YES;
				CLANG_CXX_LANGUAGE_STANDARD = "gnu++0x";
				CLANG_CXX_LIBRARY = "libc++";
				CLANG_ENABLE_MODULES = YES;
				CLANG_ENABLE_OBJC_ARC = YES;
				CLANG_WARN_BLOCK_CAPTURE_AUTORELEASING = YES;
				CLANG_WARN_BOOL_CONVERSION = YES;
				CLANG_WARN_COMMA = YES;
				CLANG_WARN_CONSTANT_CONVERSION = YES;
				CLANG_WARN_DEPRECATED_OBJC_IMPLEMENTATIONS = YES;
				CLANG_WARN_DIRECT_OBJC_ISA_USAGE = YES_ERROR;
				CLANG_WARN_DOCUMENTATION_COMMENTS = YES;
				CLANG_WARN_EMPTY_BODY = YES;
				CLANG_WARN_ENUM_CONVERSION = YES;
				CLANG_WARN_INFINITE_RECURSION = YES;
				CLANG_WARN_INT_CONVERSION = YES;
				CLANG_WARN_NON_LITERAL_NULL_CONVERSION = YES;
				CLANG_WARN_OBJC_IMPLICIT_RETAIN_SELF = YES;
				CLANG_WARN_OBJC_LITERAL_CONVERSION = YES;
				CLANG_WARN_OBJC_ROOT_CLASS = YES_ERROR;
				CLANG_WARN_QUOTED_INCLUDE_IN_FRAMEWORK_HEADER = YES;
				CLANG_WARN_RANGE_LOOP_ANALYSIS = YES;
				CLANG_WARN_STRICT_PROTOTYPES = YES;
				CLANG_WARN_SUSPICIOUS_MOVE = YES;
				CLANG_WARN_UNREACHABLE_CODE = YES;
				CLANG_WARN__DUPLICATE_METHOD_MATCH = YES;
				"CODE_SIGN_IDENTITY[sdk=iphoneos*]" = "iPhone Developer";
				COPY_PHASE_STRIP = NO;
				DEBUG_INFORMATION_FORMAT = dwarf;
				ENABLE_STRICT_OBJC_MSGSEND = YES;
				ENABLE_TESTABILITY = YES;
				GCC_C_LANGUAGE_STANDARD = gnu99;
				GCC_DYNAMIC_NO_PIC = NO;
				GCC_NO_COMMON_BLOCKS = YES;
				GCC_OPTIMIZATION_LEVEL = 0;
				GCC_PREPROCESSOR_DEFINITIONS = (
					"DEBUG=1",
					"$(inherited)",
				);
				GCC_WARN_64_TO_32_BIT_CONVERSION = YES;
				GCC_WARN_ABOUT_RETURN_TYPE = YES_ERROR;
				GCC_WARN_UNDECLARED_SELECTOR = YES;
				GCC_WARN_UNINITIALIZED_AUTOS = YES_AGGRESSIVE;
				GCC_WARN_UNUSED_FUNCTION = YES;
				GCC_WARN_UNUSED_VARIABLE = YES;
				IPHONEOS_DEPLOYMENT_TARGET = 14.3;
				MTL_ENABLE_DEBUG_INFO = YES;
				ONLY_ACTIVE_ARCH = YES;
				SDKROOT = iphoneos;
				SWIFT_ACTIVE_COMPILATION_CONDITIONS = DEBUG;
				SWIFT_OPTIMIZATION_LEVEL = "-Onone";
				SWIFT_VERSION = 5.0;
				TARGETED_DEVICE_FAMILY = "1,2";
			};
			name = Debug;
		};
		F16B6CEC1E489C5A00201811 /* Release */ = {
			isa = XCBuildConfiguration;
			buildSettings = {
				ALWAYS_SEARCH_USER_PATHS = NO;
				CLANG_ANALYZER_LOCALIZABILITY_NONLOCALIZED = YES;
				CLANG_ANALYZER_NONNULL = YES;
				CLANG_CXX_LANGUAGE_STANDARD = "gnu++0x";
				CLANG_CXX_LIBRARY = "libc++";
				CLANG_ENABLE_MODULES = YES;
				CLANG_ENABLE_OBJC_ARC = YES;
				CLANG_WARN_BLOCK_CAPTURE_AUTORELEASING = YES;
				CLANG_WARN_BOOL_CONVERSION = YES;
				CLANG_WARN_COMMA = YES;
				CLANG_WARN_CONSTANT_CONVERSION = YES;
				CLANG_WARN_DEPRECATED_OBJC_IMPLEMENTATIONS = YES;
				CLANG_WARN_DIRECT_OBJC_ISA_USAGE = YES_ERROR;
				CLANG_WARN_DOCUMENTATION_COMMENTS = YES;
				CLANG_WARN_EMPTY_BODY = YES;
				CLANG_WARN_ENUM_CONVERSION = YES;
				CLANG_WARN_INFINITE_RECURSION = YES;
				CLANG_WARN_INT_CONVERSION = YES;
				CLANG_WARN_NON_LITERAL_NULL_CONVERSION = YES;
				CLANG_WARN_OBJC_IMPLICIT_RETAIN_SELF = YES;
				CLANG_WARN_OBJC_LITERAL_CONVERSION = YES;
				CLANG_WARN_OBJC_ROOT_CLASS = YES_ERROR;
				CLANG_WARN_QUOTED_INCLUDE_IN_FRAMEWORK_HEADER = YES;
				CLANG_WARN_RANGE_LOOP_ANALYSIS = YES;
				CLANG_WARN_STRICT_PROTOTYPES = YES;
				CLANG_WARN_SUSPICIOUS_MOVE = YES;
				CLANG_WARN_UNREACHABLE_CODE = YES;
				CLANG_WARN__DUPLICATE_METHOD_MATCH = YES;
				"CODE_SIGN_IDENTITY[sdk=iphoneos*]" = "iPhone Developer";
				COPY_PHASE_STRIP = NO;
				DEBUG_INFORMATION_FORMAT = "dwarf-with-dsym";
				ENABLE_NS_ASSERTIONS = NO;
				ENABLE_STRICT_OBJC_MSGSEND = YES;
				GCC_C_LANGUAGE_STANDARD = gnu99;
				GCC_NO_COMMON_BLOCKS = YES;
				GCC_WARN_64_TO_32_BIT_CONVERSION = YES;
				GCC_WARN_ABOUT_RETURN_TYPE = YES_ERROR;
				GCC_WARN_UNDECLARED_SELECTOR = YES;
				GCC_WARN_UNINITIALIZED_AUTOS = YES_AGGRESSIVE;
				GCC_WARN_UNUSED_FUNCTION = YES;
				GCC_WARN_UNUSED_VARIABLE = YES;
				IPHONEOS_DEPLOYMENT_TARGET = 14.3;
				MTL_ENABLE_DEBUG_INFO = NO;
				SDKROOT = iphoneos;
				SWIFT_COMPILATION_MODE = wholemodule;
				SWIFT_OPTIMIZATION_LEVEL = "-O";
				SWIFT_VERSION = 5.0;
				TARGETED_DEVICE_FAMILY = "1,2";
				VALIDATE_PRODUCT = YES;
			};
			name = Release;
		};
		F16B6CEE1E489C5A00201811 /* Debug */ = {
			isa = XCBuildConfiguration;
			baseConfigurationReference = B751D1791472CD83375338E0 /* Pods-SnapFish.debug.xcconfig */;
			buildSettings = {
				ASSETCATALOG_COMPILER_APPICON_NAME = AppIcon;
				DEVELOPMENT_TEAM = V7TSP6DWBC;
				INFOPLIST_FILE = SnapFish/Info.plist;
				IPHONEOS_DEPLOYMENT_TARGET = 14.3;
				LD_RUNPATH_SEARCH_PATHS = (
					"$(inherited)",
					"@executable_path/Frameworks",
				);
				PRODUCT_BUNDLE_IDENTIFIER = Jay.SnapFish;
				PRODUCT_NAME = "$(TARGET_NAME)";
				SWIFT_VERSION = 5.0;
			};
			name = Debug;
		};
		F16B6CEF1E489C5A00201811 /* Release */ = {
			isa = XCBuildConfiguration;
			baseConfigurationReference = FA3CE4AC908CE684B6D4BEB9 /* Pods-SnapFish.release.xcconfig */;
			buildSettings = {
				ASSETCATALOG_COMPILER_APPICON_NAME = AppIcon;
				DEVELOPMENT_TEAM = V7TSP6DWBC;
				INFOPLIST_FILE = SnapFish/Info.plist;
				IPHONEOS_DEPLOYMENT_TARGET = 14.3;
				LD_RUNPATH_SEARCH_PATHS = (
					"$(inherited)",
					"@executable_path/Frameworks",
				);
				PRODUCT_BUNDLE_IDENTIFIER = Jay.SnapFish;
				PRODUCT_NAME = "$(TARGET_NAME)";
				SWIFT_VERSION = 5.0;
			};
			name = Release;
		};
/* End XCBuildConfiguration section */

/* Begin XCConfigurationList section */
		F16B6CD61E489C5A00201811 /* Build configuration list for PBXProject "SnapFish" */ = {
			isa = XCConfigurationList;
			buildConfigurations = (
				F16B6CEB1E489C5A00201811 /* Debug */,
				F16B6CEC1E489C5A00201811 /* Release */,
			);
			defaultConfigurationIsVisible = 0;
			defaultConfigurationName = Release;
		};
		F16B6CED1E489C5A00201811 /* Build configuration list for PBXNativeTarget "SnapFish" */ = {
			isa = XCConfigurationList;
			buildConfigurations = (
				F16B6CEE1E489C5A00201811 /* Debug */,
				F16B6CEF1E489C5A00201811 /* Release */,
			);
			defaultConfigurationIsVisible = 0;
			defaultConfigurationName = Release;
		};
/* End XCConfigurationList section */
	};
	rootObject = F16B6CD31E489C5A00201811 /* Project object */;
}
